
Microsoft Visual Studio Solution File, Format Version 12.00
# Visual Studio Version 16
VisualStudioVersion = 16.0.30503.244
MinimumVisualStudioVersion = 10.0.40219.1
Project("{8BC9CEB8-8B4A-11D0-8D11-00A0C91BC942}") = "ecse420_project", "ecse420_project\ecse420_project.vcxproj", "{5206611B-582E-4770-B27E-1E89CE73A59E}"
EndProject
Global
	GlobalSection(SolutionConfigurationPlatforms) = preSolution
		Debug|x64 = Debug|x64
		Release|x64 = Release|x64
	EndGlobalSection
	GlobalSection(ProjectConfigurationPlatforms) = postSolution
		{5206611B-582E-4770-B27E-1E89CE73A59E}.Debug|x64.ActiveCfg = Debug|x64
		{5206611B-582E-4770-B27E-1E89CE73A59E}.Debug|x64.Build.0 = Debug|x64
		{5206611B-582E-4770-B27E-1E89CE73A59E}.Release|x64.ActiveCfg = Release|x64
		{5206611B-582E-4770-B27E-1E89CE73A59E}.Release|x64.Build.0 = Release|x64
	EndGlobalSection
	GlobalSection(SolutionProperties) = preSolution
		HideSolutionNode = FALSE
	EndGlobalSection
	GlobalSection(ExtensibilityGlobals) = postSolution
		SolutionGuid = {82F75DB9-AC82-4761-B5BC-D8F5303254DC}
	EndGlobalSection
EndGlobal
